
Microsoft Visual Studio Solution File, Format Version 12.00
# Visual Studio Version 17
VisualStudioVersion = 17.8.34309.116
MinimumVisualStudioVersion = 10.0.40219.1
Project("{9A19103F-16F7-4668-BE54-9A1E7A4F7556}") = "TeknoMarket", "TeknoMarket\TeknoMarket.csproj", "{7A1522ED-D16C-4757-BC2F-C7408AA6361C}"
EndProject
Project("{9A19103F-16F7-4668-BE54-9A1E7A4F7556}") = "TeknoMarketData", "..\TeknoMarketData\TeknoMarketData.csproj", "{6B97A1F5-7A22-49B9-84AA-C05B8D7E4956}"
EndProject
Project("{2150E333-8FDC-42A3-9474-1A3956D46DE8}") = "Migrations", "Migrations", "{AE06A710-B84B-44BC-AF38-F00B44A2ED4B}"
EndProject
Project("{FAE04EC0-301F-11D3-BF4B-00C04F79EFBC}") = "MigrationsPostgreSql", "MigrationsPostgreSql\MigrationsPostgreSql.csproj", "{88776F69-B3D3-40D6-BB7A-AE5845BA4E4B}"
EndProject
Project("{FAE04EC0-301F-11D3-BF4B-00C04F79EFBC}") = "MigrationsMySql", "MigrationsMySql\MigrationsMySql.csproj", "{411CF7E5-EBFE-4738-A932-A45FA3F28CF8}"
EndProject
Project("{FAE04EC0-301F-11D3-BF4B-00C04F79EFBC}") = "MigrationsSqlServer", "MigrationsSqlServer\MigrationsSqlServer.csproj", "{20D3205E-2C69-4207-8CCA-5382629E69EA}"
EndProject
Global
	GlobalSection(SolutionConfigurationPlatforms) = preSolution
		Debug|Any CPU = Debug|Any CPU
		Release|Any CPU = Release|Any CPU
	EndGlobalSection
	GlobalSection(ProjectConfigurationPlatforms) = postSolution
		{7A1522ED-D16C-4757-BC2F-C7408AA6361C}.Debug|Any CPU.ActiveCfg = Debug|Any CPU
		{7A1522ED-D16C-4757-BC2F-C7408AA6361C}.Debug|Any CPU.Build.0 = Debug|Any CPU
		{7A1522ED-D16C-4757-BC2F-C7408AA6361C}.Release|Any CPU.ActiveCfg = Release|Any CPU
		{7A1522ED-D16C-4757-BC2F-C7408AA6361C}.Release|Any CPU.Build.0 = Release|Any CPU
		{6B97A1F5-7A22-49B9-84AA-C05B8D7E4956}.Debug|Any CPU.ActiveCfg = Debug|Any CPU
		{6B97A1F5-7A22-49B9-84AA-C05B8D7E4956}.Debug|Any CPU.Build.0 = Debug|Any CPU
		{6B97A1F5-7A22-49B9-84AA-C05B8D7E4956}.Release|Any CPU.ActiveCfg = Release|Any CPU
		{6B97A1F5-7A22-49B9-84AA-C05B8D7E4956}.Release|Any CPU.Build.0 = Release|Any CPU
		{88776F69-B3D3-40D6-BB7A-AE5845BA4E4B}.Debug|Any CPU.ActiveCfg = Debug|Any CPU
		{88776F69-B3D3-40D6-BB7A-AE5845BA4E4B}.Debug|Any CPU.Build.0 = Debug|Any CPU
		{88776F69-B3D3-40D6-BB7A-AE5845BA4E4B}.Release|Any CPU.ActiveCfg = Release|Any CPU
		{88776F69-B3D3-40D6-BB7A-AE5845BA4E4B}.Release|Any CPU.Build.0 = Release|Any CPU
		{411CF7E5-EBFE-4738-A932-A45FA3F28CF8}.Debug|Any CPU.ActiveCfg = Debug|Any CPU
		{411CF7E5-EBFE-4738-A932-A45FA3F28CF8}.Debug|Any CPU.Build.0 = Debug|Any CPU
		{411CF7E5-EBFE-4738-A932-A45FA3F28CF8}.Release|Any CPU.ActiveCfg = Release|Any CPU
		{411CF7E5-EBFE-4738-A932-A45FA3F28CF8}.Release|Any CPU.Build.0 = Release|Any CPU
		{20D3205E-2C69-4207-8CCA-5382629E69EA}.Debug|Any CPU.ActiveCfg = Debug|Any CPU
		{20D3205E-2C69-4207-8CCA-5382629E69EA}.Debug|Any CPU.Build.0 = Debug|Any CPU
		{20D3205E-2C69-4207-8CCA-5382629E69EA}.Release|Any CPU.ActiveCfg = Release|Any CPU
		{20D3205E-2C69-4207-8CCA-5382629E69EA}.Release|Any CPU.Build.0 = Release|Any CPU
	EndGlobalSection
	GlobalSection(SolutionProperties) = preSolution
		HideSolutionNode = FALSE
	EndGlobalSection
	GlobalSection(NestedProjects) = preSolution
		{88776F69-B3D3-40D6-BB7A-AE5845BA4E4B} = {AE06A710-B84B-44BC-AF38-F00B44A2ED4B}
		{411CF7E5-EBFE-4738-A932-A45FA3F28CF8} = {AE06A710-B84B-44BC-AF38-F00B44A2ED4B}
		{20D3205E-2C69-4207-8CCA-5382629E69EA} = {AE06A710-B84B-44BC-AF38-F00B44A2ED4B}
	EndGlobalSection
	GlobalSection(ExtensibilityGlobals) = postSolution
		SolutionGuid = {0FD57D81-1F98-48ED-BBC9-314EBF516531}
	EndGlobalSection
EndGlobal
